
Microsoft Visual Studio Solution File, Format Version 12.00
# Visual Studio 15
VisualStudioVersion = 15.0.27130.2036
MinimumVisualStudioVersion = 10.0.40219.1
Project("{FAE04EC0-301F-11D3-BF4B-00C04F79EFBC}") = "Task1", "Task1\Task1.csproj", "{DA7119D5-82E9-4ACB-8836-0A61A8C52DB1}"
EndProject
Global
	GlobalSection(SolutionConfigurationPlatforms) = preSolution
		Debug|Any CPU = Debug|Any CPU
		Release|Any CPU = Release|Any CPU
	EndGlobalSection
	GlobalSection(ProjectConfigurationPlatforms) = postSolution
		{DA7119D5-82E9-4ACB-8836-0A61A8C52DB1}.Debug|Any CPU.ActiveCfg = Debug|Any CPU
		{DA7119D5-82E9-4ACB-8836-0A61A8C52DB1}.Debug|Any CPU.Build.0 = Debug|Any CPU
		{DA7119D5-82E9-4ACB-8836-0A61A8C52DB1}.Release|Any CPU.ActiveCfg = Release|Any CPU
		{DA7119D5-82E9-4ACB-8836-0A61A8C52DB1}.Release|Any CPU.Build.0 = Release|Any CPU
	EndGlobalSection
	GlobalSection(SolutionProperties) = preSolution
		HideSolutionNode = FALSE
	EndGlobalSection
	GlobalSection(ExtensibilityGlobals) = postSolution
		SolutionGuid = {8F094605-6A27-4E85-B9FD-66D356012CB3}
	EndGlobalSection
EndGlobal
